<?xml version="1.0" encoding="utf-8"?>
<Project ToolsVersion="4.0" xmlns="http://schemas.microsoft.com/developer/msbuild/2003">
  <ItemGroup>
    <Filter Include="Jank">
      <UniqueIdentifier>{C94E877C-B585-880D-5E72-6E104A88040F}</UniqueIdentifier>
    </Filter>
    <Filter Include="Jank\Events">
      <UniqueIdentifier>{8D5EA998-F913-228E-8208-1C65EEBC1892}</UniqueIdentifier>
    </Filter>
  </ItemGroup>
  <ItemGroup>
    <ClInclude Include="src\Jank.h" />
    <ClInclude Include="src\Jank\Application.h">
      <Filter>Jank</Filter>
    </ClInclude>
    <ClInclude Include="src\Jank\Core.h">
      <Filter>Jank</Filter>
    </ClInclude>
    <ClInclude Include="src\Jank\EntryPoint.h">
      <Filter>Jank</Filter>
    </ClInclude>
    <ClInclude Include="src\Jank\Events\ApplicationEvent.h">
      <Filter>Jank\Events</Filter>
    </ClInclude>
    <ClInclude Include="src\Jank\Events\Event.h">
      <Filter>Jank\Events</Filter>
    </ClInclude>
    <ClInclude Include="src\Jank\Events\KeyEvent.h">
      <Filter>Jank\Events</Filter>
    </ClInclude>
    <ClInclude Include="src\Jank\Events\MouseEvent.h">
      <Filter>Jank\Events</Filter>
    </ClInclude>
    <ClInclude Include="src\Jank\Log.h">
      <Filter>Jank</Filter>
    </ClInclude>
    <ClInclude Include="src\Jankpch.h" />
  </ItemGroup>
  <ItemGroup>
    <ClCompile Include="src\Jank\Application.cpp">
      <Filter>Jank</Filter>
    </ClCompile>
    <ClCompile Include="src\Jank\Log.cpp">
      <Filter>Jank</Filter>
    </ClCompile>
    <ClCompile Include="src\Jankpch.cpp" />
  </ItemGroup>
</Project>